
Microsoft Visual Studio Solution File, Format Version 12.00
# Visual Studio Version 17
VisualStudioVersion = 17.9.34728.123
MinimumVisualStudioVersion = 10.0.40219.1
Project("{FAE04EC0-301F-11D3-BF4B-00C04F79EFBC}") = "ControlInventario.API", "ControlInventario\ControlInventario.API.csproj", "{1500919B-F60B-4F44-9884-9CBE54F36427}"
EndProject
Project("{FAE04EC0-301F-11D3-BF4B-00C04F79EFBC}") = "ControlInventario.Datos", "ControlInventario.Datos\ControlInventario.Datos.csproj", "{419907F9-328E-4544-AEA9-AF307CB026C3}"
EndProject
Project("{FAE04EC0-301F-11D3-BF4B-00C04F79EFBC}") = "ControlInventario.Core", "ControlInventario.Core\ControlInventario.Core.csproj", "{EA5CD06F-C599-4FA6-A90A-81F7E829ACEC}"
EndProject
Global
	GlobalSection(SolutionConfigurationPlatforms) = preSolution
		Debug|Any CPU = Debug|Any CPU
		Release|Any CPU = Release|Any CPU
	EndGlobalSection
	GlobalSection(ProjectConfigurationPlatforms) = postSolution
		{1500919B-F60B-4F44-9884-9CBE54F36427}.Debug|Any CPU.ActiveCfg = Debug|Any CPU
		{1500919B-F60B-4F44-9884-9CBE54F36427}.Debug|Any CPU.Build.0 = Debug|Any CPU
		{1500919B-F60B-4F44-9884-9CBE54F36427}.Release|Any CPU.ActiveCfg = Release|Any CPU
		{1500919B-F60B-4F44-9884-9CBE54F36427}.Release|Any CPU.Build.0 = Release|Any CPU
		{419907F9-328E-4544-AEA9-AF307CB026C3}.Debug|Any CPU.ActiveCfg = Debug|Any CPU
		{419907F9-328E-4544-AEA9-AF307CB026C3}.Debug|Any CPU.Build.0 = Debug|Any CPU
		{419907F9-328E-4544-AEA9-AF307CB026C3}.Release|Any CPU.ActiveCfg = Release|Any CPU
		{419907F9-328E-4544-AEA9-AF307CB026C3}.Release|Any CPU.Build.0 = Release|Any CPU
		{EA5CD06F-C599-4FA6-A90A-81F7E829ACEC}.Debug|Any CPU.ActiveCfg = Debug|Any CPU
		{EA5CD06F-C599-4FA6-A90A-81F7E829ACEC}.Debug|Any CPU.Build.0 = Debug|Any CPU
		{EA5CD06F-C599-4FA6-A90A-81F7E829ACEC}.Release|Any CPU.ActiveCfg = Release|Any CPU
		{EA5CD06F-C599-4FA6-A90A-81F7E829ACEC}.Release|Any CPU.Build.0 = Release|Any CPU
	EndGlobalSection
	GlobalSection(SolutionProperties) = preSolution
		HideSolutionNode = FALSE
	EndGlobalSection
	GlobalSection(ExtensibilityGlobals) = postSolution
		SolutionGuid = {5FC9E898-14A4-49D1-A618-6610A5227176}
	EndGlobalSection
EndGlobal
